
Microsoft Visual Studio Solution File, Format Version 12.00
# Visual Studio Version 17
VisualStudioVersion = 17.0.32126.317
MinimumVisualStudioVersion = 10.0.40219.1
Project("{9A19103F-16F7-4668-BE54-9A1E7A4F7556}") = "Reupen.MSBuild.GitHubLogger", "Reupen.MSBuild.GitHubLogger\Reupen.MSBuild.GitHubLogger.csproj", "{13D27CB9-17C9-43CC-9E30-9161FE0EB186}"
EndProject
Project("{FAE04EC0-301F-11D3-BF4B-00C04F79EFBC}") = "Reupen.MSBuild.GitHubLogger.Tests", "Reupen.MSBuild.GitHubLogger.Tests\Reupen.MSBuild.GitHubLogger.Tests.csproj", "{A994EE17-67D5-4E5C-8476-832614790633}"
EndProject
Project("{2150E333-8FDC-42A3-9474-1A3956D46DE8}") = "Solution Items", "Solution Items", "{055DBB28-5C48-4286-8961-AB99534BEE3D}"
	ProjectSection(SolutionItems) = preProject
		..\columns_ui\columns_ui-sdk\LICENCE = ..\columns_ui\columns_ui-sdk\LICENCE
		README.md = README.md
	EndProjectSection
EndProject
Global
	GlobalSection(SolutionConfigurationPlatforms) = preSolution
		Debug|Any CPU = Debug|Any CPU
		Release|Any CPU = Release|Any CPU
	EndGlobalSection
	GlobalSection(ProjectConfigurationPlatforms) = postSolution
		{13D27CB9-17C9-43CC-9E30-9161FE0EB186}.Debug|Any CPU.ActiveCfg = Debug|Any CPU
		{13D27CB9-17C9-43CC-9E30-9161FE0EB186}.Debug|Any CPU.Build.0 = Debug|Any CPU
		{13D27CB9-17C9-43CC-9E30-9161FE0EB186}.Release|Any CPU.ActiveCfg = Release|Any CPU
		{13D27CB9-17C9-43CC-9E30-9161FE0EB186}.Release|Any CPU.Build.0 = Release|Any CPU
		{A994EE17-67D5-4E5C-8476-832614790633}.Debug|Any CPU.ActiveCfg = Debug|Any CPU
		{A994EE17-67D5-4E5C-8476-832614790633}.Debug|Any CPU.Build.0 = Debug|Any CPU
		{A994EE17-67D5-4E5C-8476-832614790633}.Release|Any CPU.ActiveCfg = Release|Any CPU
		{A994EE17-67D5-4E5C-8476-832614790633}.Release|Any CPU.Build.0 = Release|Any CPU
	EndGlobalSection
	GlobalSection(SolutionProperties) = preSolution
		HideSolutionNode = FALSE
	EndGlobalSection
	GlobalSection(ExtensibilityGlobals) = postSolution
		SolutionGuid = {CDB47CED-F89D-407E-BE44-541E6A1BEF62}
	EndGlobalSection
EndGlobal
